// !$*UTF8*$!
{
	archiveVersion = 1;
	classes = {
	};
	objectVersion = 50;
	objects = {

/* Begin PBXBuildFile section */
		A754C99D23E820A90023CBC0 /* AppDelegate.swift in Sources */ = {isa = PBXBuildFile; fileRef = A754C99C23E820A90023CBC0 /* AppDelegate.swift */; };
		A754C99F23E820A90023CBC0 /* SceneDelegate.swift in Sources */ = {isa = PBXBuildFile; fileRef = A754C99E23E820A90023CBC0 /* SceneDelegate.swift */; };
		A754C9A223E820A90023CBC0 /* ListAndDeleteApp.xcdatamodeld in Sources */ = {isa = PBXBuildFile; fileRef = A754C9A023E820A90023CBC0 /* ListAndDeleteApp.xcdatamodeld */; };
		A754C9A623E820AA0023CBC0 /* Assets.xcassets in Resources */ = {isa = PBXBuildFile; fileRef = A754C9A523E820AA0023CBC0 /* Assets.xcassets */; };
		A754C9A923E820AA0023CBC0 /* Preview Assets.xcassets in Resources */ = {isa = PBXBuildFile; fileRef = A754C9A823E820AA0023CBC0 /* Preview Assets.xcassets */; };
		A754C9AC23E820AA0023CBC0 /* LaunchScreen.storyboard in Resources */ = {isa = PBXBuildFile; fileRef = A754C9AA23E820AA0023CBC0 /* LaunchScreen.storyboard */; };
		A754C9B523E828160023CBC0 /* CoreDataManager.swift in Sources */ = {isa = PBXBuildFile; fileRef = A754C9B423E828160023CBC0 /* CoreDataManager.swift */; };
		A754C9B823E82ACF0023CBC0 /* NSManagedObjectContext+Extensions.swift in Sources */ = {isa = PBXBuildFile; fileRef = A754C9B723E82ACF0023CBC0 /* NSManagedObjectContext+Extensions.swift */; };
		A754C9BB23E82D460023CBC0 /* AddTaskViewModel.swift in Sources */ = {isa = PBXBuildFile; fileRef = A754C9BA23E82D460023CBC0 /* AddTaskViewModel.swift */; };
		A754C9BE23E82FBD0023CBC0 /* AddTaskView.swift in Sources */ = {isa = PBXBuildFile; fileRef = A754C9BD23E82FBD0023CBC0 /* AddTaskView.swift */; };
		A7AFBB5823ED585600C9920F /* TaskListViewModel.swift in Sources */ = {isa = PBXBuildFile; fileRef = A7AFBB5723ED585600C9920F /* TaskListViewModel.swift */; };
		A7AFBB5A23ED69E200C9920F /* ContentView.swift in Sources */ = {isa = PBXBuildFile; fileRef = A7AFBB5923ED69E200C9920F /* ContentView.swift */; };
/* End PBXBuildFile section */

/* Begin PBXFileReference section */
		A754C99923E820A90023CBC0 /* ListAndDeleteApp.app */ = {isa = PBXFileReference; explicitFileType = wrapper.application; includeInIndex = 0; path = ListAndDeleteApp.app; sourceTree = BUILT_PRODUCTS_DIR; };
		A754C99C23E820A90023CBC0 /* AppDelegate.swift */ = {isa = PBXFileReference; lastKnownFileType = sourcecode.swift; path = AppDelegate.swift; sourceTree = "<group>"; };
		A754C99E23E820A90023CBC0 /* SceneDelegate.swift */ = {isa = PBXFileReference; lastKnownFileType = sourcecode.swift; path = SceneDelegate.swift; sourceTree = "<group>"; };
		A754C9A123E820A90023CBC0 /* ListAndDeleteApp.xcdatamodel */ = {isa = PBXFileReference; lastKnownFileType = wrapper.xcdatamodel; path = ListAndDeleteApp.xcdatamodel; sourceTree = "<group>"; };
		A754C9A523E820AA0023CBC0 /* Assets.xcassets */ = {isa = PBXFileReference; lastKnownFileType = folder.assetcatalog; path = Assets.xcassets; sourceTree = "<group>"; };
		A754C9A823E820AA0023CBC0 /* Preview Assets.xcassets */ = {isa = PBXFileReference; lastKnownFileType = folder.assetcatalog; path = "Preview Assets.xcassets"; sourceTree = "<group>"; };
		A754C9AB23E820AA0023CBC0 /* Base */ = {isa = PBXFileReference; lastKnownFileType = file.storyboard; name = Base; path = Base.lproj/LaunchScreen.storyboard; sourceTree = "<group>"; };
		A754C9AD23E820AA0023CBC0 /* Info.plist */ = {isa = PBXFileReference; lastKnownFileType = text.plist.xml; path = Info.plist; sourceTree = "<group>"; };
		A754C9B423E828160023CBC0 /* CoreDataManager.swift */ = {isa = PBXFileReference; lastKnownFileType = sourcecode.swift; path = CoreDataManager.swift; sourceTree = "<group>"; };
		A754C9B723E82ACF0023CBC0 /* NSManagedObjectContext+Extensions.swift */ = {isa = PBXFileReference; lastKnownFileType = sourcecode.swift; path = "NSManagedObjectContext+Extensions.swift"; sourceTree = "<group>"; };
		A754C9BA23E82D460023CBC0 /* AddTaskViewModel.swift */ = {isa = PBXFileReference; lastKnownFileType = sourcecode.swift; path = AddTaskViewModel.swift; sourceTree = "<group>"; };
		A754C9BD23E82FBD0023CBC0 /* AddTaskView.swift */ = {isa = PBXFileReference; lastKnownFileType = sourcecode.swift; path = AddTaskView.swift; sourceTree = "<group>"; };
		A7AFBB5723ED585600C9920F /* TaskListViewModel.swift */ = {isa = PBXFileReference; lastKnownFileType = sourcecode.swift; path = TaskListViewModel.swift; sourceTree = "<group>"; };
		A7AFBB5923ED69E200C9920F /* ContentView.swift */ = {isa = PBXFileReference; lastKnownFileType = sourcecode.swift; path = ContentView.swift; sourceTree = "<group>"; };
/* End PBXFileReference section */

/* Begin PBXFrameworksBuildPhase section */
		A754C99623E820A80023CBC0 /* Frameworks */ = {
			isa = PBXFrameworksBuildPhase;
			buildActionMask = 2147483647;
			files = (
			);
			runOnlyForDeploymentPostprocessing = 0;
		};
/* End PBXFrameworksBuildPhase section */

/* Begin PBXGroup section */
		A754C99023E820A80023CBC0 = {
			isa = PBXGroup;
			children = (
				A754C99B23E820A90023CBC0 /* ListAndDeleteApp */,
				A754C99A23E820A90023CBC0 /* Products */,
			);
			sourceTree = "<group>";
		};
		A754C99A23E820A90023CBC0 /* Products */ = {
			isa = PBXGroup;
			children = (
				A754C99923E820A90023CBC0 /* ListAndDeleteApp.app */,
			);
			name = Products;
			sourceTree = "<group>";
		};
		A754C99B23E820A90023CBC0 /* ListAndDeleteApp */ = {
			isa = PBXGroup;
			children = (
				A754C9BC23E82E2A0023CBC0 /* Views */,
				A754C9B923E82CF70023CBC0 /* ViewModels */,
				A754C9B623E82A840023CBC0 /* Extension */,
				A754C9B323E827EE0023CBC0 /* Managers */,
				A754C99C23E820A90023CBC0 /* AppDelegate.swift */,
				A754C99E23E820A90023CBC0 /* SceneDelegate.swift */,
				A754C9A523E820AA0023CBC0 /* Assets.xcassets */,
				A754C9AA23E820AA0023CBC0 /* LaunchScreen.storyboard */,
				A754C9AD23E820AA0023CBC0 /* Info.plist */,
				A754C9A023E820A90023CBC0 /* ListAndDeleteApp.xcdatamodeld */,
				A754C9A723E820AA0023CBC0 /* Preview Content */,
			);
			path = ListAndDeleteApp;
			sourceTree = "<group>";
		};
		A754C9A723E820AA0023CBC0 /* Preview Content */ = {
			isa = PBXGroup;
			children = (
				A754C9A823E820AA0023CBC0 /* Preview Assets.xcassets */,
			);
			path = "Preview Content";
			sourceTree = "<group>";
		};
		A754C9B323E827EE0023CBC0 /* Managers */ = {
			isa = PBXGroup;
			children = (
				A754C9B423E828160023CBC0 /* CoreDataManager.swift */,
			);
			path = Managers;
			sourceTree = "<group>";
		};
		A754C9B623E82A840023CBC0 /* Extension */ = {
			isa = PBXGroup;
			children = (
				A754C9B723E82ACF0023CBC0 /* NSManagedObjectContext+Extensions.swift */,
			);
			path = Extension;
			sourceTree = "<group>";
		};
		A754C9B923E82CF70023CBC0 /* ViewModels */ = {
			isa = PBXGroup;
			children = (
				A754C9BA23E82D460023CBC0 /* AddTaskViewModel.swift */,
				A7AFBB5723ED585600C9920F /* TaskListViewModel.swift */,
			);
			path = ViewModels;
			sourceTree = "<group>";
		};
		A754C9BC23E82E2A0023CBC0 /* Views */ = {
			isa = PBXGroup;
			children = (
				A754C9BD23E82FBD0023CBC0 /* AddTaskView.swift */,
				A7AFBB5923ED69E200C9920F /* ContentView.swift */,
			);
			path = Views;
			sourceTree = "<group>";
		};
/* End PBXGroup section */

/* Begin PBXNativeTarget section */
		A754C99823E820A80023CBC0 /* ListAndDeleteApp */ = {
			isa = PBXNativeTarget;
			buildConfigurationList = A754C9B023E820AA0023CBC0 /* Build configuration list for PBXNativeTarget "ListAndDeleteApp" */;
			buildPhases = (
				A754C99523E820A80023CBC0 /* Sources */,
				A754C99623E820A80023CBC0 /* Frameworks */,
				A754C99723E820A80023CBC0 /* Resources */,
			);
			buildRules = (
			);
			dependencies = (
			);
			name = ListAndDeleteApp;
			productName = ListAndDeleteApp;
			productReference = A754C99923E820A90023CBC0 /* ListAndDeleteApp.app */;
			productType = "com.apple.product-type.application";
		};
/* End PBXNativeTarget section */

/* Begin PBXProject section */
		A754C99123E820A80023CBC0 /* Project object */ = {
			isa = PBXProject;
			attributes = {
				LastSwiftUpdateCheck = 1130;
				LastUpgradeCheck = 1130;
				ORGANIZATIONNAME = "Toni Tani";
				TargetAttributes = {
					A754C99823E820A80023CBC0 = {
						CreatedOnToolsVersion = 11.3;
					};
				};
			};
			buildConfigurationList = A754C99423E820A80023CBC0 /* Build configuration list for PBXProject "ListAndDeleteApp" */;
			compatibilityVersion = "Xcode 9.3";
			developmentRegion = en;
			hasScannedForEncodings = 0;
			knownRegions = (
				en,
				Base,
			);
			mainGroup = A754C99023E820A80023CBC0;
			productRefGroup = A754C99A23E820A90023CBC0 /* Products */;
			projectDirPath = "";
			projectRoot = "";
			targets = (
				A754C99823E820A80023CBC0 /* ListAndDeleteApp */,
			);
		};
/* End PBXProject section */

/* Begin PBXResourcesBuildPhase section */
		A754C99723E820A80023CBC0 /* Resources */ = {
			isa = PBXResourcesBuildPhase;
			buildActionMask = 2147483647;
			files = (
				A754C9AC23E820AA0023CBC0 /* LaunchScreen.storyboard in Resources */,
				A754C9A923E820AA0023CBC0 /* Preview Assets.xcassets in Resources */,
				A754C9A623E820AA0023CBC0 /* Assets.xcassets in Resources */,
			);
			runOnlyForDeploymentPostprocessing = 0;
		};
/* End PBXResourcesBuildPhase section */

/* Begin PBXSourcesBuildPhase section */
		A754C99523E820A80023CBC0 /* Sources */ = {
			isa = PBXSourcesBuildPhase;
			buildActionMask = 2147483647;
			files = (
				A754C99D23E820A90023CBC0 /* AppDelegate.swift in Sources */,
				A754C9A223E820A90023CBC0 /* ListAndDeleteApp.xcdatamodeld in Sources */,
				A754C9BE23E82FBD0023CBC0 /* AddTaskView.swift in Sources */,
				A754C9BB23E82D460023CBC0 /* AddTaskViewModel.swift in Sources */,
				A754C9B523E828160023CBC0 /* CoreDataManager.swift in Sources */,
				A7AFBB5A23ED69E200C9920F /* ContentView.swift in Sources */,
				A754C99F23E820A90023CBC0 /* SceneDelegate.swift in Sources */,
				A7AFBB5823ED585600C9920F /* TaskListViewModel.swift in Sources */,
				A754C9B823E82ACF0023CBC0 /* NSManagedObjectContext+Extensions.swift in Sources */,
			);
			runOnlyForDeploymentPostprocessing = 0;
		};
/* End PBXSourcesBuildPhase section */

/* Begin PBXVariantGroup section */
		A754C9AA23E820AA0023CBC0 /* LaunchScreen.storyboard */ = {
			isa = PBXVariantGroup;
			children = (
				A754C9AB23E820AA0023CBC0 /* Base */,
			);
			name = LaunchScreen.storyboard;
			sourceTree = "<group>";
		};
/* End PBXVariantGroup section */

/* Begin XCBuildConfiguration section */
		A754C9AE23E820AA0023CBC0 /* Debug */ = {
			isa = XCBuildConfiguration;
			buildSettings = {
				ALWAYS_SEARCH_USER_PATHS = NO;
				CLANG_ANALYZER_NONNULL = YES;
				CLANG_ANALYZER_NUMBER_OBJECT_CONVERSION = YES_AGGRESSIVE;
				CLANG_CXX_LANGUAGE_STANDARD = "gnu++14";
				CLANG_CXX_LIBRARY = "libc++";
				CLANG_ENABLE_MODULES = YES;
				CLANG_ENABLE_OBJC_ARC = YES;
				CLANG_ENABLE_OBJC_WEAK = YES;
				CLANG_WARN_BLOCK_CAPTURE_AUTORELEASING = YES;
				CLANG_WARN_BOOL_CONVERSION = YES;
				CLANG_WARN_COMMA = YES;
				CLANG_WARN_CONSTANT_CONVERSION = YES;
				CLANG_WARN_DEPRECATED_OBJC_IMPLEMENTATIONS = YES;
				CLANG_WARN_DIRECT_OBJC_ISA_USAGE = YES_ERROR;
				CLANG_WARN_DOCUMENTATION_COMMENTS = YES;
				CLANG_WARN_EMPTY_BODY = YES;
				CLANG_WARN_ENUM_CONVERSION = YES;
				CLANG_WARN_INFINITE_RECURSION = YES;
				CLANG_WARN_INT_CONVERSION = YES;
				CLANG_WARN_NON_LITERAL_NULL_CONVERSION = YES;
				CLANG_WARN_OBJC_IMPLICIT_RETAIN_SELF = YES;
				CLANG_WARN_OBJC_LITERAL_CONVERSION = YES;
				CLANG_WARN_OBJC_ROOT_CLASS = YES_ERROR;
				CLANG_WARN_RANGE_LOOP_ANALYSIS = YES;
				CLANG_WARN_STRICT_PROTOTYPES = YES;
				CLANG_WARN_SUSPICIOUS_MOVE = YES;
				CLANG_WARN_UNGUARDED_AVAILABILITY = YES_AGGRESSIVE;
				CLANG_WARN_UNREACHABLE_CODE = YES;
				CLANG_WARN__DUPLICATE_METHOD_MATCH = YES;
				COPY_PHASE_STRIP = NO;
				DEBUG_INFORMATION_FORMAT = dwarf;
				ENABLE_STRICT_OBJC_MSGSEND = YES;
				ENABLE_TESTABILITY = YES;
				GCC_C_LANGUAGE_STANDARD = gnu11;
				GCC_DYNAMIC_NO_PIC = NO;
				GCC_NO_COMMON_BLOCKS = YES;
				GCC_OPTIMIZATION_LEVEL = 0;
				GCC_PREPROCESSOR_DEFINITIONS = (
					"DEBUG=1",
					"$(inherited)",
				);
				GCC_WARN_64_TO_32_BIT_CONVERSION = YES;
				GCC_WARN_ABOUT_RETURN_TYPE = YES_ERROR;
				GCC_WARN_UNDECLARED_SELECTOR = YES;
				GCC_WARN_UNINITIALIZED_AUTOS = YES_AGGRESSIVE;
				GCC_WARN_UNUSED_FUNCTION = YES;
				GCC_WARN_UNUSED_VARIABLE = YES;
				IPHONEOS_DEPLOYMENT_TARGET = 13.2;
				MTL_ENABLE_DEBUG_INFO = INCLUDE_SOURCE;
				MTL_FAST_MATH = YES;
				ONLY_ACTIVE_ARCH = YES;
				SDKROOT = iphoneos;
				SWIFT_ACTIVE_COMPILATION_CONDITIONS = DEBUG;
				SWIFT_OPTIMIZATION_LEVEL = "-Onone";
			};
			name = Debug;
		};
		A754C9AF23E820AA0023CBC0 /* Release */ = {
			isa = XCBuildConfiguration;
			buildSettings = {
				ALWAYS_SEARCH_USER_PATHS = NO;
				CLANG_ANALYZER_NONNULL = YES;
				CLANG_ANALYZER_NUMBER_OBJECT_CONVERSION = YES_AGGRESSIVE;
				CLANG_CXX_LANGUAGE_STANDARD = "gnu++14";
				CLANG_CXX_LIBRARY = "libc++";
				CLANG_ENABLE_MODULES = YES;
				CLANG_ENABLE_OBJC_ARC = YES;
				CLANG_ENABLE_OBJC_WEAK = YES;
				CLANG_WARN_BLOCK_CAPTURE_AUTORELEASING = YES;
				CLANG_WARN_BOOL_CONVERSION = YES;
				CLANG_WARN_COMMA = YES;
				CLANG_WARN_CONSTANT_CONVERSION = YES;
				CLANG_WARN_DEPRECATED_OBJC_IMPLEMENTATIONS = YES;
				CLANG_WARN_DIRECT_OBJC_ISA_USAGE = YES_ERROR;
				CLANG_WARN_DOCUMENTATION_COMMENTS = YES;
				CLANG_WARN_EMPTY_BODY = YES;
				CLANG_WARN_ENUM_CONVERSION = YES;
				CLANG_WARN_INFINITE_RECURSION = YES;
				CLANG_WARN_INT_CONVERSION = YES;
				CLANG_WARN_NON_LITERAL_NULL_CONVERSION = YES;
				CLANG_WARN_OBJC_IMPLICIT_RETAIN_SELF = YES;
				CLANG_WARN_OBJC_LITERAL_CONVERSION = YES;
				CLANG_WARN_OBJC_ROOT_CLASS = YES_ERROR;
				CLANG_WARN_RANGE_LOOP_ANALYSIS = YES;
				CLANG_WARN_STRICT_PROTOTYPES = YES;
				CLANG_WARN_SUSPICIOUS_MOVE = YES;
				CLANG_WARN_UNGUARDED_AVAILABILITY = YES_AGGRESSIVE;
				CLANG_WARN_UNREACHABLE_CODE = YES;
				CLANG_WARN__DUPLICATE_METHOD_MATCH = YES;
				COPY_PHASE_STRIP = NO;
				DEBUG_INFORMATION_FORMAT = "dwarf-with-dsym";
				ENABLE_NS_ASSERTIONS = NO;
				ENABLE_STRICT_OBJC_MSGSEND = YES;
				GCC_C_LANGUAGE_STANDARD = gnu11;
				GCC_NO_COMMON_BLOCKS = YES;
				GCC_WARN_64_TO_32_BIT_CONVERSION = YES;
				GCC_WARN_ABOUT_RETURN_TYPE = YES_ERROR;
				GCC_WARN_UNDECLARED_SELECTOR = YES;
				GCC_WARN_UNINITIALIZED_AUTOS = YES_AGGRESSIVE;
				GCC_WARN_UNUSED_FUNCTION = YES;
				GCC_WARN_UNUSED_VARIABLE = YES;
				IPHONEOS_DEPLOYMENT_TARGET = 13.2;
				MTL_ENABLE_DEBUG_INFO = NO;
				MTL_FAST_MATH = YES;
				SDKROOT = iphoneos;
				SWIFT_COMPILATION_MODE = wholemodule;
				SWIFT_OPTIMIZATION_LEVEL = "-O";
				VALIDATE_PRODUCT = YES;
			};
			name = Release;
		};
		A754C9B123E820AA0023CBC0 /* Debug */ = {
			isa = XCBuildConfiguration;
			buildSettings = {
				ASSETCATALOG_COMPILER_APPICON_NAME = AppIcon;
				CODE_SIGN_STYLE = Automatic;
				DEVELOPMENT_ASSET_PATHS = "\"ListAndDeleteApp/Preview Content\"";
				ENABLE_PREVIEWS = YES;
				INFOPLIST_FILE = ListAndDeleteApp/Info.plist;
				LD_RUNPATH_SEARCH_PATHS = (
					"$(inherited)",
					"@executable_path/Frameworks",
				);
				PRODUCT_BUNDLE_IDENTIFIER = jee.ListAndDeleteApp;
				PRODUCT_NAME = "$(TARGET_NAME)";
				SWIFT_VERSION = 5.0;
				TARGETED_DEVICE_FAMILY = "1,2";
			};
			name = Debug;
		};
		A754C9B223E820AA0023CBC0 /* Release */ = {
			isa = XCBuildConfiguration;
			buildSettings = {
				ASSETCATALOG_COMPILER_APPICON_NAME = AppIcon;
				CODE_SIGN_STYLE = Automatic;
				DEVELOPMENT_ASSET_PATHS = "\"ListAndDeleteApp/Preview Content\"";
				ENABLE_PREVIEWS = YES;
				INFOPLIST_FILE = ListAndDeleteApp/Info.plist;
				LD_RUNPATH_SEARCH_PATHS = (
					"$(inherited)",
					"@executable_path/Frameworks",
				);
				PRODUCT_BUNDLE_IDENTIFIER = jee.ListAndDeleteApp;
				PRODUCT_NAME = "$(TARGET_NAME)";
				SWIFT_VERSION = 5.0;
				TARGETED_DEVICE_FAMILY = "1,2";
			};
			name = Release;
		};
/* End XCBuildConfiguration section */

/* Begin XCConfigurationList section */
		A754C99423E820A80023CBC0 /* Build configuration list for PBXProject "ListAndDeleteApp" */ = {
			isa = XCConfigurationList;
			buildConfigurations = (
				A754C9AE23E820AA0023CBC0 /* Debug */,
				A754C9AF23E820AA0023CBC0 /* Release */,
			);
			defaultConfigurationIsVisible = 0;
			defaultConfigurationName = Release;
		};
		A754C9B023E820AA0023CBC0 /* Build configuration list for PBXNativeTarget "ListAndDeleteApp" */ = {
			isa = XCConfigurationList;
			buildConfigurations = (
				A754C9B123E820AA0023CBC0 /* Debug */,
				A754C9B223E820AA0023CBC0 /* Release */,
			);
			defaultConfigurationIsVisible = 0;
			defaultConfigurationName = Release;
		};
/* End XCConfigurationList section */

/* Begin XCVersionGroup section */
		A754C9A023E820A90023CBC0 /* ListAndDeleteApp.xcdatamodeld */ = {
			isa = XCVersionGroup;
			children = (
				A754C9A123E820A90023CBC0 /* ListAndDeleteApp.xcdatamodel */,
			);
			currentVersion = A754C9A123E820A90023CBC0 /* ListAndDeleteApp.xcdatamodel */;
			path = ListAndDeleteApp.xcdatamodeld;
			sourceTree = "<group>";
			versionGroupType = wrapper.xcdatamodel;
		};
/* End XCVersionGroup section */
	};
	rootObject = A754C99123E820A80023CBC0 /* Project object */;
}
